
Microsoft Visual Studio Solution File, Format Version 12.00
# Visual Studio Version 17
VisualStudioVersion = 17.14.36616.10 d17.14
MinimumVisualStudioVersion = 10.0.40219.1
Project("{FAE04EC0-301F-11D3-BF4B-00C04F79EFBC}") = "SunTrack.API", "SunTrack.API\SunTrack.API.csproj", "{624DD2C0-C9DC-4F10-BD5B-9623E4DA4F9B}"
EndProject
Project("{FAE04EC0-301F-11D3-BF4B-00C04F79EFBC}") = "SunTrack.API.Data", "SunTrack.API.Data\SunTrack.API.Data.csproj", "{FA22201B-312D-4A93-98FE-6C10C8D7D4C4}"
EndProject
Global
	GlobalSection(SolutionConfigurationPlatforms) = preSolution
		Debug|Any CPU = Debug|Any CPU
		Release|Any CPU = Release|Any CPU
	EndGlobalSection
	GlobalSection(ProjectConfigurationPlatforms) = postSolution
		{624DD2C0-C9DC-4F10-BD5B-9623E4DA4F9B}.Debug|Any CPU.ActiveCfg = Debug|Any CPU
		{624DD2C0-C9DC-4F10-BD5B-9623E4DA4F9B}.Debug|Any CPU.Build.0 = Debug|Any CPU
		{624DD2C0-C9DC-4F10-BD5B-9623E4DA4F9B}.Release|Any CPU.ActiveCfg = Release|Any CPU
		{624DD2C0-C9DC-4F10-BD5B-9623E4DA4F9B}.Release|Any CPU.Build.0 = Release|Any CPU
		{FA22201B-312D-4A93-98FE-6C10C8D7D4C4}.Debug|Any CPU.ActiveCfg = Debug|Any CPU
		{FA22201B-312D-4A93-98FE-6C10C8D7D4C4}.Debug|Any CPU.Build.0 = Debug|Any CPU
		{FA22201B-312D-4A93-98FE-6C10C8D7D4C4}.Release|Any CPU.ActiveCfg = Release|Any CPU
		{FA22201B-312D-4A93-98FE-6C10C8D7D4C4}.Release|Any CPU.Build.0 = Release|Any CPU
	EndGlobalSection
	GlobalSection(SolutionProperties) = preSolution
		HideSolutionNode = FALSE
	EndGlobalSection
	GlobalSection(ExtensibilityGlobals) = postSolution
		SolutionGuid = {FF34FC25-99D5-4EBA-A775-DA9C45217945}
	EndGlobalSection
EndGlobal
